
Microsoft Visual Studio Solution File, Format Version 12.00
# Visual Studio 14
VisualStudioVersion = 14.0.24720.0
MinimumVisualStudioVersion = 10.0.40219.1
Project("{FAE04EC0-301F-11D3-BF4B-00C04F79EFBC}") = "EveHQSharp", "EveHQSharp\EveHQSharp.csproj", "{656D7076-C0AD-4334-90DF-1034C824A9EC}"
EndProject
Project("{FAE04EC0-301F-11D3-BF4B-00C04F79EFBC}") = "SDEConverter", "SDEConverter\SDEConverter.csproj", "{B62585B2-5D82-4A66-B244-A0AB9C43A5FA}"
EndProject
Project("{2150E333-8FDC-42A3-9474-1A3956D46DE8}") = "Plugins", "Plugins", "{62597EE0-A0BD-4877-AB1E-F2BA4980909C}"
EndProject
Project("{FAE04EC0-301F-11D3-BF4B-00C04F79EFBC}") = "EveHQSharp.Fitting", "EveHQSharp.Fitting\EveHQSharp.Fitting.csproj", "{F229614C-C25B-45FF-A8B0-D00360CEC5EB}"
EndProject
Project("{FAE04EC0-301F-11D3-BF4B-00C04F79EFBC}") = "EveHQSharp.Pilot", "EveHQSharp.Pilot\EveHQSharp.Pilot.csproj", "{FF951642-A2CF-4DA2-B051-7F1B9BF77C99}"
EndProject
Project("{FAE04EC0-301F-11D3-BF4B-00C04F79EFBC}") = "EveHQSharp.Industry", "EveHQSharp.Industry\EveHQSharp.Industry.csproj", "{D84BF41D-D04D-46E2-88BE-378AE035BB1C}"
EndProject
Global
	GlobalSection(SolutionConfigurationPlatforms) = preSolution
		Debug|Any CPU = Debug|Any CPU
		Release|Any CPU = Release|Any CPU
	EndGlobalSection
	GlobalSection(ProjectConfigurationPlatforms) = postSolution
		{656D7076-C0AD-4334-90DF-1034C824A9EC}.Debug|Any CPU.ActiveCfg = Debug|Any CPU
		{656D7076-C0AD-4334-90DF-1034C824A9EC}.Debug|Any CPU.Build.0 = Debug|Any CPU
		{656D7076-C0AD-4334-90DF-1034C824A9EC}.Release|Any CPU.ActiveCfg = Release|Any CPU
		{656D7076-C0AD-4334-90DF-1034C824A9EC}.Release|Any CPU.Build.0 = Release|Any CPU
		{B62585B2-5D82-4A66-B244-A0AB9C43A5FA}.Debug|Any CPU.ActiveCfg = Debug|Any CPU
		{B62585B2-5D82-4A66-B244-A0AB9C43A5FA}.Debug|Any CPU.Build.0 = Debug|Any CPU
		{B62585B2-5D82-4A66-B244-A0AB9C43A5FA}.Release|Any CPU.ActiveCfg = Release|Any CPU
		{B62585B2-5D82-4A66-B244-A0AB9C43A5FA}.Release|Any CPU.Build.0 = Release|Any CPU
		{F229614C-C25B-45FF-A8B0-D00360CEC5EB}.Debug|Any CPU.ActiveCfg = Debug|Any CPU
		{F229614C-C25B-45FF-A8B0-D00360CEC5EB}.Debug|Any CPU.Build.0 = Debug|Any CPU
		{F229614C-C25B-45FF-A8B0-D00360CEC5EB}.Release|Any CPU.ActiveCfg = Release|Any CPU
		{F229614C-C25B-45FF-A8B0-D00360CEC5EB}.Release|Any CPU.Build.0 = Release|Any CPU
		{FF951642-A2CF-4DA2-B051-7F1B9BF77C99}.Debug|Any CPU.ActiveCfg = Debug|Any CPU
		{FF951642-A2CF-4DA2-B051-7F1B9BF77C99}.Debug|Any CPU.Build.0 = Debug|Any CPU
		{FF951642-A2CF-4DA2-B051-7F1B9BF77C99}.Release|Any CPU.ActiveCfg = Release|Any CPU
		{FF951642-A2CF-4DA2-B051-7F1B9BF77C99}.Release|Any CPU.Build.0 = Release|Any CPU
		{D84BF41D-D04D-46E2-88BE-378AE035BB1C}.Debug|Any CPU.ActiveCfg = Debug|Any CPU
		{D84BF41D-D04D-46E2-88BE-378AE035BB1C}.Debug|Any CPU.Build.0 = Debug|Any CPU
		{D84BF41D-D04D-46E2-88BE-378AE035BB1C}.Release|Any CPU.ActiveCfg = Release|Any CPU
		{D84BF41D-D04D-46E2-88BE-378AE035BB1C}.Release|Any CPU.Build.0 = Release|Any CPU
	EndGlobalSection
	GlobalSection(SolutionProperties) = preSolution
		HideSolutionNode = FALSE
	EndGlobalSection
	GlobalSection(NestedProjects) = preSolution
		{F229614C-C25B-45FF-A8B0-D00360CEC5EB} = {62597EE0-A0BD-4877-AB1E-F2BA4980909C}
		{FF951642-A2CF-4DA2-B051-7F1B9BF77C99} = {62597EE0-A0BD-4877-AB1E-F2BA4980909C}
		{D84BF41D-D04D-46E2-88BE-378AE035BB1C} = {62597EE0-A0BD-4877-AB1E-F2BA4980909C}
	EndGlobalSection
EndGlobal
