
Microsoft Visual Studio Solution File, Format Version 12.00
# Visual Studio 14
VisualStudioVersion = 14.0.24720.0
MinimumVisualStudioVersion = 10.0.40219.1
Project("{FAE04EC0-301F-11D3-BF4B-00C04F79EFBC}") = "EveHQSharp", "EveHQSharp\EveHQSharp.csproj", "{656D7076-C0AD-4334-90DF-1034C824A9EC}"
EndProject
Project("{FAE04EC0-301F-11D3-BF4B-00C04F79EFBC}") = "SDEConverter", "SDEConverter\SDEConverter.csproj", "{B62585B2-5D82-4A66-B244-A0AB9C43A5FA}"
EndProject
Global
	GlobalSection(SolutionConfigurationPlatforms) = preSolution
		Debug|Any CPU = Debug|Any CPU
		Release|Any CPU = Release|Any CPU
	EndGlobalSection
	GlobalSection(ProjectConfigurationPlatforms) = postSolution
		{656D7076-C0AD-4334-90DF-1034C824A9EC}.Debug|Any CPU.ActiveCfg = Debug|Any CPU
		{656D7076-C0AD-4334-90DF-1034C824A9EC}.Debug|Any CPU.Build.0 = Debug|Any CPU
		{656D7076-C0AD-4334-90DF-1034C824A9EC}.Release|Any CPU.ActiveCfg = Release|Any CPU
		{656D7076-C0AD-4334-90DF-1034C824A9EC}.Release|Any CPU.Build.0 = Release|Any CPU
		{B62585B2-5D82-4A66-B244-A0AB9C43A5FA}.Debug|Any CPU.ActiveCfg = Debug|Any CPU
		{B62585B2-5D82-4A66-B244-A0AB9C43A5FA}.Debug|Any CPU.Build.0 = Debug|Any CPU
		{B62585B2-5D82-4A66-B244-A0AB9C43A5FA}.Release|Any CPU.ActiveCfg = Release|Any CPU
		{B62585B2-5D82-4A66-B244-A0AB9C43A5FA}.Release|Any CPU.Build.0 = Release|Any CPU
	EndGlobalSection
	GlobalSection(SolutionProperties) = preSolution
		HideSolutionNode = FALSE
	EndGlobalSection
EndGlobal
