
Microsoft Visual Studio Solution File, Format Version 12.00
# Visual Studio 14
VisualStudioVersion = 14.0.24720.0
MinimumVisualStudioVersion = 10.0.40219.1
Project("{FAE04EC0-301F-11D3-BF4B-00C04F79EFBC}") = "EveHQSharp", "EveHQSharp\EveHQSharp.csproj", "{656D7076-C0AD-4334-90DF-1034C824A9EC}"
EndProject
Project("{FAE04EC0-301F-11D3-BF4B-00C04F79EFBC}") = "SDEConverter", "SDEConverter\SDEConverter.csproj", "{B62585B2-5D82-4A66-B244-A0AB9C43A5FA}"
EndProject
Project("{FAE04EC0-301F-11D3-BF4B-00C04F79EFBC}") = "EveHQSharp.Fitting", "EveHQSharp.Fitting\EveHQSharp.Fitting.csproj", "{201AA41D-B7D1-4FFA-91A7-1162C738AC59}"
EndProject
Project("{FAE04EC0-301F-11D3-BF4B-00C04F79EFBC}") = "EveHQSharp.Industry", "EveHQSharp.Industry\EveHQSharp.Industry.csproj", "{48292F71-A497-4CBD-8C45-9516347448E0}"
EndProject
Project("{FAE04EC0-301F-11D3-BF4B-00C04F79EFBC}") = "EveHQSharp.PilotManager", "EveHQSharp.PilotManager\EveHQSharp.PilotManager.csproj", "{2B22D6D9-4971-43A2-8C77-80BF0DF7FDBB}"
EndProject
Global
	GlobalSection(SolutionConfigurationPlatforms) = preSolution
		Debug|Any CPU = Debug|Any CPU
		Release|Any CPU = Release|Any CPU
	EndGlobalSection
	GlobalSection(ProjectConfigurationPlatforms) = postSolution
		{656D7076-C0AD-4334-90DF-1034C824A9EC}.Debug|Any CPU.ActiveCfg = Debug|Any CPU
		{656D7076-C0AD-4334-90DF-1034C824A9EC}.Debug|Any CPU.Build.0 = Debug|Any CPU
		{656D7076-C0AD-4334-90DF-1034C824A9EC}.Release|Any CPU.ActiveCfg = Release|Any CPU
		{656D7076-C0AD-4334-90DF-1034C824A9EC}.Release|Any CPU.Build.0 = Release|Any CPU
		{B62585B2-5D82-4A66-B244-A0AB9C43A5FA}.Debug|Any CPU.ActiveCfg = Debug|Any CPU
		{B62585B2-5D82-4A66-B244-A0AB9C43A5FA}.Debug|Any CPU.Build.0 = Debug|Any CPU
		{B62585B2-5D82-4A66-B244-A0AB9C43A5FA}.Release|Any CPU.ActiveCfg = Release|Any CPU
		{B62585B2-5D82-4A66-B244-A0AB9C43A5FA}.Release|Any CPU.Build.0 = Release|Any CPU
		{201AA41D-B7D1-4FFA-91A7-1162C738AC59}.Debug|Any CPU.ActiveCfg = Debug|Any CPU
		{201AA41D-B7D1-4FFA-91A7-1162C738AC59}.Debug|Any CPU.Build.0 = Debug|Any CPU
		{201AA41D-B7D1-4FFA-91A7-1162C738AC59}.Release|Any CPU.ActiveCfg = Release|Any CPU
		{201AA41D-B7D1-4FFA-91A7-1162C738AC59}.Release|Any CPU.Build.0 = Release|Any CPU
		{48292F71-A497-4CBD-8C45-9516347448E0}.Debug|Any CPU.ActiveCfg = Debug|Any CPU
		{48292F71-A497-4CBD-8C45-9516347448E0}.Debug|Any CPU.Build.0 = Debug|Any CPU
		{48292F71-A497-4CBD-8C45-9516347448E0}.Release|Any CPU.ActiveCfg = Release|Any CPU
		{48292F71-A497-4CBD-8C45-9516347448E0}.Release|Any CPU.Build.0 = Release|Any CPU
		{2B22D6D9-4971-43A2-8C77-80BF0DF7FDBB}.Debug|Any CPU.ActiveCfg = Debug|Any CPU
		{2B22D6D9-4971-43A2-8C77-80BF0DF7FDBB}.Debug|Any CPU.Build.0 = Debug|Any CPU
		{2B22D6D9-4971-43A2-8C77-80BF0DF7FDBB}.Release|Any CPU.ActiveCfg = Release|Any CPU
		{2B22D6D9-4971-43A2-8C77-80BF0DF7FDBB}.Release|Any CPU.Build.0 = Release|Any CPU
	EndGlobalSection
	GlobalSection(SolutionProperties) = preSolution
		HideSolutionNode = FALSE
	EndGlobalSection
EndGlobal
